
Microsoft Visual Studio Solution File, Format Version 12.00
# Visual Studio Version 16
VisualStudioVersion = 16.0.31112.23
MinimumVisualStudioVersion = 10.0.40219.1
Project("{FAE04EC0-301F-11D3-BF4B-00C04F79EFBC}") = "Avanade.SubTCSE.Projeto.Api", "Avanade.SubTCSE.Projeto.Api\Avanade.SubTCSE.Projeto.Api.csproj", "{A1D21F71-D6FC-4295-B4EE-56093D890C77}"
EndProject
Global
	GlobalSection(SolutionConfigurationPlatforms) = preSolution
		Debug|Any CPU = Debug|Any CPU
		Release|Any CPU = Release|Any CPU
	EndGlobalSection
	GlobalSection(ProjectConfigurationPlatforms) = postSolution
		{A1D21F71-D6FC-4295-B4EE-56093D890C77}.Debug|Any CPU.ActiveCfg = Debug|Any CPU
		{A1D21F71-D6FC-4295-B4EE-56093D890C77}.Debug|Any CPU.Build.0 = Debug|Any CPU
		{A1D21F71-D6FC-4295-B4EE-56093D890C77}.Release|Any CPU.ActiveCfg = Release|Any CPU
		{A1D21F71-D6FC-4295-B4EE-56093D890C77}.Release|Any CPU.Build.0 = Release|Any CPU
	EndGlobalSection
	GlobalSection(SolutionProperties) = preSolution
		HideSolutionNode = FALSE
	EndGlobalSection
	GlobalSection(ExtensibilityGlobals) = postSolution
		SolutionGuid = {F9DACFC6-26AF-4DD6-B6DC-DD3C9149CB2C}
	EndGlobalSection
EndGlobal
